
Microsoft Visual Studio Solution File, Format Version 12.00
# Visual Studio Version 18
VisualStudioVersion = 18.2.11415.280 d18.0
MinimumVisualStudioVersion = 10.0.40219.1
Project("{9A19103F-16F7-4668-BE54-9A1E7A4F7556}") = "ZoDream.TexturePacker", "ZoDream.TexturePacker\ZoDream.TexturePacker.csproj", "{D7305FA8-1FA4-435B-BF08-3F200AFB3555}"
EndProject
Project("{9A19103F-16F7-4668-BE54-9A1E7A4F7556}") = "ZoDream.Shared", "ZoDream.Shared\ZoDream.Shared.csproj", "{D1B8859F-519E-4108-960F-FE099EC86D71}"
EndProject
Project("{9A19103F-16F7-4668-BE54-9A1E7A4F7556}") = "ZoDream.Shared.UndoRedo", "..\shared\ZoDream.Shared.UndoRedo\ZoDream.Shared.UndoRedo.csproj", "{B7AF0627-6AE4-4551-A8C1-0E100B9D89FE}"
EndProject
Project("{9A19103F-16F7-4668-BE54-9A1E7A4F7556}") = "ZoDream.Shared.Drawing", "..\shared\ZoDream.Shared.Drawing\ZoDream.Shared.Drawing.csproj", "{644FEDF0-D53B-4AFB-B150-1F8AF700F845}"
EndProject
Project("{FAE04EC0-301F-11D3-BF4B-00C04F79EFBC}") = "ZoDream.Shared.ImageEditor", "ZoDream.Shared.ImageEditor\ZoDream.Shared.ImageEditor.csproj", "{85E48039-8AEE-4020-B0BA-C6D14992CD7C}"
EndProject
Project("{FAE04EC0-301F-11D3-BF4B-00C04F79EFBC}") = "ZoDream.Shared.IO", "ZoDream.Shared.IO\ZoDream.Shared.IO.csproj", "{EFC06032-B9F2-4525-B099-1A6BA9C97FD4}"
EndProject
Project("{FAE04EC0-301F-11D3-BF4B-00C04F79EFBC}") = "ZoDream.Tests", "ZoDream.Tests\ZoDream.Tests.csproj", "{8F3A91BE-DEDC-48C0-9D93-E428DC3084BF}"
EndProject
Project("{2150E333-8FDC-42A3-9474-1A3956D46DE8}") = "plugins", "plugins", "{02EA681E-C7D8-13C7-8484-4AC65E1B71E8}"
EndProject
Project("{FAE04EC0-301F-11D3-BF4B-00C04F79EFBC}") = "Godot", "plugins\Godot\Godot.csproj", "{EA814568-3C77-4283-89B6-74C87377D068}"
EndProject
Project("{FAE04EC0-301F-11D3-BF4B-00C04F79EFBC}") = "Live2d", "plugins\Live2d\Live2d.csproj", "{A44E6088-2BA1-4D29-B6EC-5FB042103AAE}"
EndProject
Project("{FAE04EC0-301F-11D3-BF4B-00C04F79EFBC}") = "Spine", "plugins\Spine\Spine.csproj", "{306B7986-4548-4D63-A593-0782B63281E0}"
EndProject
Project("{FAE04EC0-301F-11D3-BF4B-00C04F79EFBC}") = "Adobe", "plugins\Adobe\Adobe.csproj", "{CAF94724-07CC-48C6-9A4D-065A63553CB0}"
EndProject
Project("{FAE04EC0-301F-11D3-BF4B-00C04F79EFBC}") = "Affinity", "plugins\Affinity\Affinity.csproj", "{95CF48F4-D62C-47CA-BCE4-2CEBCC320C1A}"
EndProject
Project("{FAE04EC0-301F-11D3-BF4B-00C04F79EFBC}") = "Gimp", "plugins\Gimp\Gimp.csproj", "{F72B3D00-4AD4-42A1-BB7D-3EF9DAE5F4E7}"
EndProject
Project("{FAE04EC0-301F-11D3-BF4B-00C04F79EFBC}") = "Cocos", "plugins\Cocos\Cocos.csproj", "{25C310FF-4C0C-484C-A278-DFCD914E56CA}"
EndProject
Project("{FAE04EC0-301F-11D3-BF4B-00C04F79EFBC}") = "Egret", "plugins\Egret\Egret.csproj", "{16A7A467-AC65-46F7-9F88-F8BADC4D415B}"
EndProject
Project("{FAE04EC0-301F-11D3-BF4B-00C04F79EFBC}") = "DragonBones", "plugins\DragonBones\DragonBones.csproj", "{0EED4E6E-0205-4FC9-9C56-672B65A0E22F}"
EndProject
Project("{FAE04EC0-301F-11D3-BF4B-00C04F79EFBC}") = "Unity", "plugins\Unity\Unity.csproj", "{37567A87-B235-4DED-8494-6C319958042F}"
EndProject
Project("{FAE04EC0-301F-11D3-BF4B-00C04F79EFBC}") = "TexturePacker", "plugins\TexturePacker\TexturePacker.csproj", "{44DEAA03-1A5F-4846-89B1-05DD700B8AA4}"
EndProject
Project("{FAE04EC0-301F-11D3-BF4B-00C04F79EFBC}") = "MonoGame", "plugins\MonoGame\MonoGame.csproj", "{BB0FF5F3-67CE-4C72-BFA6-964C917C716A}"
EndProject
Project("{FAE04EC0-301F-11D3-BF4B-00C04F79EFBC}") = "ZoDream.Shared.PixelArt", "ZoDream.Shared.PixelArt\ZoDream.Shared.PixelArt.csproj", "{A87AE1D1-FFDB-4B99-BB36-9AF3A3B5A48A}"
EndProject
Global
	GlobalSection(SolutionConfigurationPlatforms) = preSolution
		Debug|Any CPU = Debug|Any CPU
		Debug|ARM64 = Debug|ARM64
		Debug|x64 = Debug|x64
		Debug|x86 = Debug|x86
		Release|Any CPU = Release|Any CPU
		Release|ARM64 = Release|ARM64
		Release|x64 = Release|x64
		Release|x86 = Release|x86
	EndGlobalSection
	GlobalSection(ProjectConfigurationPlatforms) = postSolution
		{D7305FA8-1FA4-435B-BF08-3F200AFB3555}.Debug|Any CPU.ActiveCfg = Debug|x64
		{D7305FA8-1FA4-435B-BF08-3F200AFB3555}.Debug|Any CPU.Build.0 = Debug|x64
		{D7305FA8-1FA4-435B-BF08-3F200AFB3555}.Debug|Any CPU.Deploy.0 = Debug|x64
		{D7305FA8-1FA4-435B-BF08-3F200AFB3555}.Debug|ARM64.ActiveCfg = Debug|ARM64
		{D7305FA8-1FA4-435B-BF08-3F200AFB3555}.Debug|ARM64.Build.0 = Debug|ARM64
		{D7305FA8-1FA4-435B-BF08-3F200AFB3555}.Debug|ARM64.Deploy.0 = Debug|ARM64
		{D7305FA8-1FA4-435B-BF08-3F200AFB3555}.Debug|x64.ActiveCfg = Debug|x64
		{D7305FA8-1FA4-435B-BF08-3F200AFB3555}.Debug|x64.Build.0 = Debug|x64
		{D7305FA8-1FA4-435B-BF08-3F200AFB3555}.Debug|x64.Deploy.0 = Debug|x64
		{D7305FA8-1FA4-435B-BF08-3F200AFB3555}.Debug|x86.ActiveCfg = Debug|x86
		{D7305FA8-1FA4-435B-BF08-3F200AFB3555}.Debug|x86.Build.0 = Debug|x86
		{D7305FA8-1FA4-435B-BF08-3F200AFB3555}.Debug|x86.Deploy.0 = Debug|x86
		{D7305FA8-1FA4-435B-BF08-3F200AFB3555}.Release|Any CPU.ActiveCfg = Release|x64
		{D7305FA8-1FA4-435B-BF08-3F200AFB3555}.Release|Any CPU.Build.0 = Release|x64
		{D7305FA8-1FA4-435B-BF08-3F200AFB3555}.Release|Any CPU.Deploy.0 = Release|x64
		{D7305FA8-1FA4-435B-BF08-3F200AFB3555}.Release|ARM64.ActiveCfg = Release|ARM64
		{D7305FA8-1FA4-435B-BF08-3F200AFB3555}.Release|ARM64.Build.0 = Release|ARM64
		{D7305FA8-1FA4-435B-BF08-3F200AFB3555}.Release|ARM64.Deploy.0 = Release|ARM64
		{D7305FA8-1FA4-435B-BF08-3F200AFB3555}.Release|x64.ActiveCfg = Release|x64
		{D7305FA8-1FA4-435B-BF08-3F200AFB3555}.Release|x64.Build.0 = Release|x64
		{D7305FA8-1FA4-435B-BF08-3F200AFB3555}.Release|x64.Deploy.0 = Release|x64
		{D7305FA8-1FA4-435B-BF08-3F200AFB3555}.Release|x86.ActiveCfg = Release|x86
		{D7305FA8-1FA4-435B-BF08-3F200AFB3555}.Release|x86.Build.0 = Release|x86
		{D7305FA8-1FA4-435B-BF08-3F200AFB3555}.Release|x86.Deploy.0 = Release|x86
		{D1B8859F-519E-4108-960F-FE099EC86D71}.Debug|Any CPU.ActiveCfg = Debug|Any CPU
		{D1B8859F-519E-4108-960F-FE099EC86D71}.Debug|Any CPU.Build.0 = Debug|Any CPU
		{D1B8859F-519E-4108-960F-FE099EC86D71}.Debug|ARM64.ActiveCfg = Debug|Any CPU
		{D1B8859F-519E-4108-960F-FE099EC86D71}.Debug|ARM64.Build.0 = Debug|Any CPU
		{D1B8859F-519E-4108-960F-FE099EC86D71}.Debug|x64.ActiveCfg = Debug|Any CPU
		{D1B8859F-519E-4108-960F-FE099EC86D71}.Debug|x64.Build.0 = Debug|Any CPU
		{D1B8859F-519E-4108-960F-FE099EC86D71}.Debug|x86.ActiveCfg = Debug|Any CPU
		{D1B8859F-519E-4108-960F-FE099EC86D71}.Debug|x86.Build.0 = Debug|Any CPU
		{D1B8859F-519E-4108-960F-FE099EC86D71}.Release|Any CPU.ActiveCfg = Release|Any CPU
		{D1B8859F-519E-4108-960F-FE099EC86D71}.Release|Any CPU.Build.0 = Release|Any CPU
		{D1B8859F-519E-4108-960F-FE099EC86D71}.Release|ARM64.ActiveCfg = Release|Any CPU
		{D1B8859F-519E-4108-960F-FE099EC86D71}.Release|ARM64.Build.0 = Release|Any CPU
		{D1B8859F-519E-4108-960F-FE099EC86D71}.Release|x64.ActiveCfg = Release|Any CPU
		{D1B8859F-519E-4108-960F-FE099EC86D71}.Release|x64.Build.0 = Release|Any CPU
		{D1B8859F-519E-4108-960F-FE099EC86D71}.Release|x86.ActiveCfg = Release|Any CPU
		{D1B8859F-519E-4108-960F-FE099EC86D71}.Release|x86.Build.0 = Release|Any CPU
		{B7AF0627-6AE4-4551-A8C1-0E100B9D89FE}.Debug|Any CPU.ActiveCfg = Debug|Any CPU
		{B7AF0627-6AE4-4551-A8C1-0E100B9D89FE}.Debug|Any CPU.Build.0 = Debug|Any CPU
		{B7AF0627-6AE4-4551-A8C1-0E100B9D89FE}.Debug|ARM64.ActiveCfg = Debug|Any CPU
		{B7AF0627-6AE4-4551-A8C1-0E100B9D89FE}.Debug|ARM64.Build.0 = Debug|Any CPU
		{B7AF0627-6AE4-4551-A8C1-0E100B9D89FE}.Debug|x64.ActiveCfg = Debug|Any CPU
		{B7AF0627-6AE4-4551-A8C1-0E100B9D89FE}.Debug|x64.Build.0 = Debug|Any CPU
		{B7AF0627-6AE4-4551-A8C1-0E100B9D89FE}.Debug|x86.ActiveCfg = Debug|Any CPU
		{B7AF0627-6AE4-4551-A8C1-0E100B9D89FE}.Debug|x86.Build.0 = Debug|Any CPU
		{B7AF0627-6AE4-4551-A8C1-0E100B9D89FE}.Release|Any CPU.ActiveCfg = Release|Any CPU
		{B7AF0627-6AE4-4551-A8C1-0E100B9D89FE}.Release|Any CPU.Build.0 = Release|Any CPU
		{B7AF0627-6AE4-4551-A8C1-0E100B9D89FE}.Release|ARM64.ActiveCfg = Release|Any CPU
		{B7AF0627-6AE4-4551-A8C1-0E100B9D89FE}.Release|ARM64.Build.0 = Release|Any CPU
		{B7AF0627-6AE4-4551-A8C1-0E100B9D89FE}.Release|x64.ActiveCfg = Release|Any CPU
		{B7AF0627-6AE4-4551-A8C1-0E100B9D89FE}.Release|x64.Build.0 = Release|Any CPU
		{B7AF0627-6AE4-4551-A8C1-0E100B9D89FE}.Release|x86.ActiveCfg = Release|Any CPU
		{B7AF0627-6AE4-4551-A8C1-0E100B9D89FE}.Release|x86.Build.0 = Release|Any CPU
		{644FEDF0-D53B-4AFB-B150-1F8AF700F845}.Debug|Any CPU.ActiveCfg = Debug|Any CPU
		{644FEDF0-D53B-4AFB-B150-1F8AF700F845}.Debug|Any CPU.Build.0 = Debug|Any CPU
		{644FEDF0-D53B-4AFB-B150-1F8AF700F845}.Debug|ARM64.ActiveCfg = Debug|Any CPU
		{644FEDF0-D53B-4AFB-B150-1F8AF700F845}.Debug|ARM64.Build.0 = Debug|Any CPU
		{644FEDF0-D53B-4AFB-B150-1F8AF700F845}.Debug|x64.ActiveCfg = Debug|Any CPU
		{644FEDF0-D53B-4AFB-B150-1F8AF700F845}.Debug|x64.Build.0 = Debug|Any CPU
		{644FEDF0-D53B-4AFB-B150-1F8AF700F845}.Debug|x86.ActiveCfg = Debug|Any CPU
		{644FEDF0-D53B-4AFB-B150-1F8AF700F845}.Debug|x86.Build.0 = Debug|Any CPU
		{644FEDF0-D53B-4AFB-B150-1F8AF700F845}.Release|Any CPU.ActiveCfg = Release|Any CPU
		{644FEDF0-D53B-4AFB-B150-1F8AF700F845}.Release|Any CPU.Build.0 = Release|Any CPU
		{644FEDF0-D53B-4AFB-B150-1F8AF700F845}.Release|ARM64.ActiveCfg = Release|Any CPU
		{644FEDF0-D53B-4AFB-B150-1F8AF700F845}.Release|ARM64.Build.0 = Release|Any CPU
		{644FEDF0-D53B-4AFB-B150-1F8AF700F845}.Release|x64.ActiveCfg = Release|Any CPU
		{644FEDF0-D53B-4AFB-B150-1F8AF700F845}.Release|x64.Build.0 = Release|Any CPU
		{644FEDF0-D53B-4AFB-B150-1F8AF700F845}.Release|x86.ActiveCfg = Release|Any CPU
		{644FEDF0-D53B-4AFB-B150-1F8AF700F845}.Release|x86.Build.0 = Release|Any CPU
		{85E48039-8AEE-4020-B0BA-C6D14992CD7C}.Debug|Any CPU.ActiveCfg = Debug|Any CPU
		{85E48039-8AEE-4020-B0BA-C6D14992CD7C}.Debug|Any CPU.Build.0 = Debug|Any CPU
		{85E48039-8AEE-4020-B0BA-C6D14992CD7C}.Debug|ARM64.ActiveCfg = Debug|Any CPU
		{85E48039-8AEE-4020-B0BA-C6D14992CD7C}.Debug|ARM64.Build.0 = Debug|Any CPU
		{85E48039-8AEE-4020-B0BA-C6D14992CD7C}.Debug|x64.ActiveCfg = Debug|Any CPU
		{85E48039-8AEE-4020-B0BA-C6D14992CD7C}.Debug|x64.Build.0 = Debug|Any CPU
		{85E48039-8AEE-4020-B0BA-C6D14992CD7C}.Debug|x86.ActiveCfg = Debug|Any CPU
		{85E48039-8AEE-4020-B0BA-C6D14992CD7C}.Debug|x86.Build.0 = Debug|Any CPU
		{85E48039-8AEE-4020-B0BA-C6D14992CD7C}.Release|Any CPU.ActiveCfg = Release|Any CPU
		{85E48039-8AEE-4020-B0BA-C6D14992CD7C}.Release|Any CPU.Build.0 = Release|Any CPU
		{85E48039-8AEE-4020-B0BA-C6D14992CD7C}.Release|ARM64.ActiveCfg = Release|Any CPU
		{85E48039-8AEE-4020-B0BA-C6D14992CD7C}.Release|ARM64.Build.0 = Release|Any CPU
		{85E48039-8AEE-4020-B0BA-C6D14992CD7C}.Release|x64.ActiveCfg = Release|Any CPU
		{85E48039-8AEE-4020-B0BA-C6D14992CD7C}.Release|x64.Build.0 = Release|Any CPU
		{85E48039-8AEE-4020-B0BA-C6D14992CD7C}.Release|x86.ActiveCfg = Release|Any CPU
		{85E48039-8AEE-4020-B0BA-C6D14992CD7C}.Release|x86.Build.0 = Release|Any CPU
		{EFC06032-B9F2-4525-B099-1A6BA9C97FD4}.Debug|Any CPU.ActiveCfg = Debug|Any CPU
		{EFC06032-B9F2-4525-B099-1A6BA9C97FD4}.Debug|Any CPU.Build.0 = Debug|Any CPU
		{EFC06032-B9F2-4525-B099-1A6BA9C97FD4}.Debug|ARM64.ActiveCfg = Debug|Any CPU
		{EFC06032-B9F2-4525-B099-1A6BA9C97FD4}.Debug|ARM64.Build.0 = Debug|Any CPU
		{EFC06032-B9F2-4525-B099-1A6BA9C97FD4}.Debug|x64.ActiveCfg = Debug|Any CPU
		{EFC06032-B9F2-4525-B099-1A6BA9C97FD4}.Debug|x64.Build.0 = Debug|Any CPU
		{EFC06032-B9F2-4525-B099-1A6BA9C97FD4}.Debug|x86.ActiveCfg = Debug|Any CPU
		{EFC06032-B9F2-4525-B099-1A6BA9C97FD4}.Debug|x86.Build.0 = Debug|Any CPU
		{EFC06032-B9F2-4525-B099-1A6BA9C97FD4}.Release|Any CPU.ActiveCfg = Release|Any CPU
		{EFC06032-B9F2-4525-B099-1A6BA9C97FD4}.Release|Any CPU.Build.0 = Release|Any CPU
		{EFC06032-B9F2-4525-B099-1A6BA9C97FD4}.Release|ARM64.ActiveCfg = Release|Any CPU
		{EFC06032-B9F2-4525-B099-1A6BA9C97FD4}.Release|ARM64.Build.0 = Release|Any CPU
		{EFC06032-B9F2-4525-B099-1A6BA9C97FD4}.Release|x64.ActiveCfg = Release|Any CPU
		{EFC06032-B9F2-4525-B099-1A6BA9C97FD4}.Release|x64.Build.0 = Release|Any CPU
		{EFC06032-B9F2-4525-B099-1A6BA9C97FD4}.Release|x86.ActiveCfg = Release|Any CPU
		{EFC06032-B9F2-4525-B099-1A6BA9C97FD4}.Release|x86.Build.0 = Release|Any CPU
		{8F3A91BE-DEDC-48C0-9D93-E428DC3084BF}.Debug|Any CPU.ActiveCfg = Debug|Any CPU
		{8F3A91BE-DEDC-48C0-9D93-E428DC3084BF}.Debug|Any CPU.Build.0 = Debug|Any CPU
		{8F3A91BE-DEDC-48C0-9D93-E428DC3084BF}.Debug|ARM64.ActiveCfg = Debug|Any CPU
		{8F3A91BE-DEDC-48C0-9D93-E428DC3084BF}.Debug|ARM64.Build.0 = Debug|Any CPU
		{8F3A91BE-DEDC-48C0-9D93-E428DC3084BF}.Debug|x64.ActiveCfg = Debug|Any CPU
		{8F3A91BE-DEDC-48C0-9D93-E428DC3084BF}.Debug|x64.Build.0 = Debug|Any CPU
		{8F3A91BE-DEDC-48C0-9D93-E428DC3084BF}.Debug|x86.ActiveCfg = Debug|Any CPU
		{8F3A91BE-DEDC-48C0-9D93-E428DC3084BF}.Debug|x86.Build.0 = Debug|Any CPU
		{8F3A91BE-DEDC-48C0-9D93-E428DC3084BF}.Release|Any CPU.ActiveCfg = Release|Any CPU
		{8F3A91BE-DEDC-48C0-9D93-E428DC3084BF}.Release|Any CPU.Build.0 = Release|Any CPU
		{8F3A91BE-DEDC-48C0-9D93-E428DC3084BF}.Release|ARM64.ActiveCfg = Release|Any CPU
		{8F3A91BE-DEDC-48C0-9D93-E428DC3084BF}.Release|ARM64.Build.0 = Release|Any CPU
		{8F3A91BE-DEDC-48C0-9D93-E428DC3084BF}.Release|x64.ActiveCfg = Release|Any CPU
		{8F3A91BE-DEDC-48C0-9D93-E428DC3084BF}.Release|x64.Build.0 = Release|Any CPU
		{8F3A91BE-DEDC-48C0-9D93-E428DC3084BF}.Release|x86.ActiveCfg = Release|Any CPU
		{8F3A91BE-DEDC-48C0-9D93-E428DC3084BF}.Release|x86.Build.0 = Release|Any CPU
		{EA814568-3C77-4283-89B6-74C87377D068}.Debug|Any CPU.ActiveCfg = Debug|Any CPU
		{EA814568-3C77-4283-89B6-74C87377D068}.Debug|Any CPU.Build.0 = Debug|Any CPU
		{EA814568-3C77-4283-89B6-74C87377D068}.Debug|ARM64.ActiveCfg = Debug|Any CPU
		{EA814568-3C77-4283-89B6-74C87377D068}.Debug|ARM64.Build.0 = Debug|Any CPU
		{EA814568-3C77-4283-89B6-74C87377D068}.Debug|x64.ActiveCfg = Debug|Any CPU
		{EA814568-3C77-4283-89B6-74C87377D068}.Debug|x64.Build.0 = Debug|Any CPU
		{EA814568-3C77-4283-89B6-74C87377D068}.Debug|x86.ActiveCfg = Debug|Any CPU
		{EA814568-3C77-4283-89B6-74C87377D068}.Debug|x86.Build.0 = Debug|Any CPU
		{EA814568-3C77-4283-89B6-74C87377D068}.Release|Any CPU.ActiveCfg = Release|Any CPU
		{EA814568-3C77-4283-89B6-74C87377D068}.Release|Any CPU.Build.0 = Release|Any CPU
		{EA814568-3C77-4283-89B6-74C87377D068}.Release|ARM64.ActiveCfg = Release|Any CPU
		{EA814568-3C77-4283-89B6-74C87377D068}.Release|ARM64.Build.0 = Release|Any CPU
		{EA814568-3C77-4283-89B6-74C87377D068}.Release|x64.ActiveCfg = Release|Any CPU
		{EA814568-3C77-4283-89B6-74C87377D068}.Release|x64.Build.0 = Release|Any CPU
		{EA814568-3C77-4283-89B6-74C87377D068}.Release|x86.ActiveCfg = Release|Any CPU
		{EA814568-3C77-4283-89B6-74C87377D068}.Release|x86.Build.0 = Release|Any CPU
		{A44E6088-2BA1-4D29-B6EC-5FB042103AAE}.Debug|Any CPU.ActiveCfg = Debug|Any CPU
		{A44E6088-2BA1-4D29-B6EC-5FB042103AAE}.Debug|Any CPU.Build.0 = Debug|Any CPU
		{A44E6088-2BA1-4D29-B6EC-5FB042103AAE}.Debug|ARM64.ActiveCfg = Debug|Any CPU
		{A44E6088-2BA1-4D29-B6EC-5FB042103AAE}.Debug|ARM64.Build.0 = Debug|Any CPU
		{A44E6088-2BA1-4D29-B6EC-5FB042103AAE}.Debug|x64.ActiveCfg = Debug|Any CPU
		{A44E6088-2BA1-4D29-B6EC-5FB042103AAE}.Debug|x64.Build.0 = Debug|Any CPU
		{A44E6088-2BA1-4D29-B6EC-5FB042103AAE}.Debug|x86.ActiveCfg = Debug|Any CPU
		{A44E6088-2BA1-4D29-B6EC-5FB042103AAE}.Debug|x86.Build.0 = Debug|Any CPU
		{A44E6088-2BA1-4D29-B6EC-5FB042103AAE}.Release|Any CPU.ActiveCfg = Release|Any CPU
		{A44E6088-2BA1-4D29-B6EC-5FB042103AAE}.Release|Any CPU.Build.0 = Release|Any CPU
		{A44E6088-2BA1-4D29-B6EC-5FB042103AAE}.Release|ARM64.ActiveCfg = Release|Any CPU
		{A44E6088-2BA1-4D29-B6EC-5FB042103AAE}.Release|ARM64.Build.0 = Release|Any CPU
		{A44E6088-2BA1-4D29-B6EC-5FB042103AAE}.Release|x64.ActiveCfg = Release|Any CPU
		{A44E6088-2BA1-4D29-B6EC-5FB042103AAE}.Release|x64.Build.0 = Release|Any CPU
		{A44E6088-2BA1-4D29-B6EC-5FB042103AAE}.Release|x86.ActiveCfg = Release|Any CPU
		{A44E6088-2BA1-4D29-B6EC-5FB042103AAE}.Release|x86.Build.0 = Release|Any CPU
		{306B7986-4548-4D63-A593-0782B63281E0}.Debug|Any CPU.ActiveCfg = Debug|Any CPU
		{306B7986-4548-4D63-A593-0782B63281E0}.Debug|Any CPU.Build.0 = Debug|Any CPU
		{306B7986-4548-4D63-A593-0782B63281E0}.Debug|ARM64.ActiveCfg = Debug|Any CPU
		{306B7986-4548-4D63-A593-0782B63281E0}.Debug|ARM64.Build.0 = Debug|Any CPU
		{306B7986-4548-4D63-A593-0782B63281E0}.Debug|x64.ActiveCfg = Debug|Any CPU
		{306B7986-4548-4D63-A593-0782B63281E0}.Debug|x64.Build.0 = Debug|Any CPU
		{306B7986-4548-4D63-A593-0782B63281E0}.Debug|x86.ActiveCfg = Debug|Any CPU
		{306B7986-4548-4D63-A593-0782B63281E0}.Debug|x86.Build.0 = Debug|Any CPU
		{306B7986-4548-4D63-A593-0782B63281E0}.Release|Any CPU.ActiveCfg = Release|Any CPU
		{306B7986-4548-4D63-A593-0782B63281E0}.Release|Any CPU.Build.0 = Release|Any CPU
		{306B7986-4548-4D63-A593-0782B63281E0}.Release|ARM64.ActiveCfg = Release|Any CPU
		{306B7986-4548-4D63-A593-0782B63281E0}.Release|ARM64.Build.0 = Release|Any CPU
		{306B7986-4548-4D63-A593-0782B63281E0}.Release|x64.ActiveCfg = Release|Any CPU
		{306B7986-4548-4D63-A593-0782B63281E0}.Release|x64.Build.0 = Release|Any CPU
		{306B7986-4548-4D63-A593-0782B63281E0}.Release|x86.ActiveCfg = Release|Any CPU
		{306B7986-4548-4D63-A593-0782B63281E0}.Release|x86.Build.0 = Release|Any CPU
		{CAF94724-07CC-48C6-9A4D-065A63553CB0}.Debug|Any CPU.ActiveCfg = Debug|Any CPU
		{CAF94724-07CC-48C6-9A4D-065A63553CB0}.Debug|Any CPU.Build.0 = Debug|Any CPU
		{CAF94724-07CC-48C6-9A4D-065A63553CB0}.Debug|ARM64.ActiveCfg = Debug|Any CPU
		{CAF94724-07CC-48C6-9A4D-065A63553CB0}.Debug|ARM64.Build.0 = Debug|Any CPU
		{CAF94724-07CC-48C6-9A4D-065A63553CB0}.Debug|x64.ActiveCfg = Debug|Any CPU
		{CAF94724-07CC-48C6-9A4D-065A63553CB0}.Debug|x64.Build.0 = Debug|Any CPU
		{CAF94724-07CC-48C6-9A4D-065A63553CB0}.Debug|x86.ActiveCfg = Debug|Any CPU
		{CAF94724-07CC-48C6-9A4D-065A63553CB0}.Debug|x86.Build.0 = Debug|Any CPU
		{CAF94724-07CC-48C6-9A4D-065A63553CB0}.Release|Any CPU.ActiveCfg = Release|Any CPU
		{CAF94724-07CC-48C6-9A4D-065A63553CB0}.Release|Any CPU.Build.0 = Release|Any CPU
		{CAF94724-07CC-48C6-9A4D-065A63553CB0}.Release|ARM64.ActiveCfg = Release|Any CPU
		{CAF94724-07CC-48C6-9A4D-065A63553CB0}.Release|ARM64.Build.0 = Release|Any CPU
		{CAF94724-07CC-48C6-9A4D-065A63553CB0}.Release|x64.ActiveCfg = Release|Any CPU
		{CAF94724-07CC-48C6-9A4D-065A63553CB0}.Release|x64.Build.0 = Release|Any CPU
		{CAF94724-07CC-48C6-9A4D-065A63553CB0}.Release|x86.ActiveCfg = Release|Any CPU
		{CAF94724-07CC-48C6-9A4D-065A63553CB0}.Release|x86.Build.0 = Release|Any CPU
		{95CF48F4-D62C-47CA-BCE4-2CEBCC320C1A}.Debug|Any CPU.ActiveCfg = Debug|Any CPU
		{95CF48F4-D62C-47CA-BCE4-2CEBCC320C1A}.Debug|Any CPU.Build.0 = Debug|Any CPU
		{95CF48F4-D62C-47CA-BCE4-2CEBCC320C1A}.Debug|ARM64.ActiveCfg = Debug|Any CPU
		{95CF48F4-D62C-47CA-BCE4-2CEBCC320C1A}.Debug|ARM64.Build.0 = Debug|Any CPU
		{95CF48F4-D62C-47CA-BCE4-2CEBCC320C1A}.Debug|x64.ActiveCfg = Debug|Any CPU
		{95CF48F4-D62C-47CA-BCE4-2CEBCC320C1A}.Debug|x64.Build.0 = Debug|Any CPU
		{95CF48F4-D62C-47CA-BCE4-2CEBCC320C1A}.Debug|x86.ActiveCfg = Debug|Any CPU
		{95CF48F4-D62C-47CA-BCE4-2CEBCC320C1A}.Debug|x86.Build.0 = Debug|Any CPU
		{95CF48F4-D62C-47CA-BCE4-2CEBCC320C1A}.Release|Any CPU.ActiveCfg = Release|Any CPU
		{95CF48F4-D62C-47CA-BCE4-2CEBCC320C1A}.Release|Any CPU.Build.0 = Release|Any CPU
		{95CF48F4-D62C-47CA-BCE4-2CEBCC320C1A}.Release|ARM64.ActiveCfg = Release|Any CPU
		{95CF48F4-D62C-47CA-BCE4-2CEBCC320C1A}.Release|ARM64.Build.0 = Release|Any CPU
		{95CF48F4-D62C-47CA-BCE4-2CEBCC320C1A}.Release|x64.ActiveCfg = Release|Any CPU
		{95CF48F4-D62C-47CA-BCE4-2CEBCC320C1A}.Release|x64.Build.0 = Release|Any CPU
		{95CF48F4-D62C-47CA-BCE4-2CEBCC320C1A}.Release|x86.ActiveCfg = Release|Any CPU
		{95CF48F4-D62C-47CA-BCE4-2CEBCC320C1A}.Release|x86.Build.0 = Release|Any CPU
		{F72B3D00-4AD4-42A1-BB7D-3EF9DAE5F4E7}.Debug|Any CPU.ActiveCfg = Debug|Any CPU
		{F72B3D00-4AD4-42A1-BB7D-3EF9DAE5F4E7}.Debug|Any CPU.Build.0 = Debug|Any CPU
		{F72B3D00-4AD4-42A1-BB7D-3EF9DAE5F4E7}.Debug|ARM64.ActiveCfg = Debug|Any CPU
		{F72B3D00-4AD4-42A1-BB7D-3EF9DAE5F4E7}.Debug|ARM64.Build.0 = Debug|Any CPU
		{F72B3D00-4AD4-42A1-BB7D-3EF9DAE5F4E7}.Debug|x64.ActiveCfg = Debug|Any CPU
		{F72B3D00-4AD4-42A1-BB7D-3EF9DAE5F4E7}.Debug|x64.Build.0 = Debug|Any CPU
		{F72B3D00-4AD4-42A1-BB7D-3EF9DAE5F4E7}.Debug|x86.ActiveCfg = Debug|Any CPU
		{F72B3D00-4AD4-42A1-BB7D-3EF9DAE5F4E7}.Debug|x86.Build.0 = Debug|Any CPU
		{F72B3D00-4AD4-42A1-BB7D-3EF9DAE5F4E7}.Release|Any CPU.ActiveCfg = Release|Any CPU
		{F72B3D00-4AD4-42A1-BB7D-3EF9DAE5F4E7}.Release|Any CPU.Build.0 = Release|Any CPU
		{F72B3D00-4AD4-42A1-BB7D-3EF9DAE5F4E7}.Release|ARM64.ActiveCfg = Release|Any CPU
		{F72B3D00-4AD4-42A1-BB7D-3EF9DAE5F4E7}.Release|ARM64.Build.0 = Release|Any CPU
		{F72B3D00-4AD4-42A1-BB7D-3EF9DAE5F4E7}.Release|x64.ActiveCfg = Release|Any CPU
		{F72B3D00-4AD4-42A1-BB7D-3EF9DAE5F4E7}.Release|x64.Build.0 = Release|Any CPU
		{F72B3D00-4AD4-42A1-BB7D-3EF9DAE5F4E7}.Release|x86.ActiveCfg = Release|Any CPU
		{F72B3D00-4AD4-42A1-BB7D-3EF9DAE5F4E7}.Release|x86.Build.0 = Release|Any CPU
		{25C310FF-4C0C-484C-A278-DFCD914E56CA}.Debug|Any CPU.ActiveCfg = Debug|Any CPU
		{25C310FF-4C0C-484C-A278-DFCD914E56CA}.Debug|Any CPU.Build.0 = Debug|Any CPU
		{25C310FF-4C0C-484C-A278-DFCD914E56CA}.Debug|ARM64.ActiveCfg = Debug|Any CPU
		{25C310FF-4C0C-484C-A278-DFCD914E56CA}.Debug|ARM64.Build.0 = Debug|Any CPU
		{25C310FF-4C0C-484C-A278-DFCD914E56CA}.Debug|x64.ActiveCfg = Debug|Any CPU
		{25C310FF-4C0C-484C-A278-DFCD914E56CA}.Debug|x64.Build.0 = Debug|Any CPU
		{25C310FF-4C0C-484C-A278-DFCD914E56CA}.Debug|x86.ActiveCfg = Debug|Any CPU
		{25C310FF-4C0C-484C-A278-DFCD914E56CA}.Debug|x86.Build.0 = Debug|Any CPU
		{25C310FF-4C0C-484C-A278-DFCD914E56CA}.Release|Any CPU.ActiveCfg = Release|Any CPU
		{25C310FF-4C0C-484C-A278-DFCD914E56CA}.Release|Any CPU.Build.0 = Release|Any CPU
		{25C310FF-4C0C-484C-A278-DFCD914E56CA}.Release|ARM64.ActiveCfg = Release|Any CPU
		{25C310FF-4C0C-484C-A278-DFCD914E56CA}.Release|ARM64.Build.0 = Release|Any CPU
		{25C310FF-4C0C-484C-A278-DFCD914E56CA}.Release|x64.ActiveCfg = Release|Any CPU
		{25C310FF-4C0C-484C-A278-DFCD914E56CA}.Release|x64.Build.0 = Release|Any CPU
		{25C310FF-4C0C-484C-A278-DFCD914E56CA}.Release|x86.ActiveCfg = Release|Any CPU
		{25C310FF-4C0C-484C-A278-DFCD914E56CA}.Release|x86.Build.0 = Release|Any CPU
		{16A7A467-AC65-46F7-9F88-F8BADC4D415B}.Debug|Any CPU.ActiveCfg = Debug|Any CPU
		{16A7A467-AC65-46F7-9F88-F8BADC4D415B}.Debug|Any CPU.Build.0 = Debug|Any CPU
		{16A7A467-AC65-46F7-9F88-F8BADC4D415B}.Debug|ARM64.ActiveCfg = Debug|Any CPU
		{16A7A467-AC65-46F7-9F88-F8BADC4D415B}.Debug|ARM64.Build.0 = Debug|Any CPU
		{16A7A467-AC65-46F7-9F88-F8BADC4D415B}.Debug|x64.ActiveCfg = Debug|Any CPU
		{16A7A467-AC65-46F7-9F88-F8BADC4D415B}.Debug|x64.Build.0 = Debug|Any CPU
		{16A7A467-AC65-46F7-9F88-F8BADC4D415B}.Debug|x86.ActiveCfg = Debug|Any CPU
		{16A7A467-AC65-46F7-9F88-F8BADC4D415B}.Debug|x86.Build.0 = Debug|Any CPU
		{16A7A467-AC65-46F7-9F88-F8BADC4D415B}.Release|Any CPU.ActiveCfg = Release|Any CPU
		{16A7A467-AC65-46F7-9F88-F8BADC4D415B}.Release|Any CPU.Build.0 = Release|Any CPU
		{16A7A467-AC65-46F7-9F88-F8BADC4D415B}.Release|ARM64.ActiveCfg = Release|Any CPU
		{16A7A467-AC65-46F7-9F88-F8BADC4D415B}.Release|ARM64.Build.0 = Release|Any CPU
		{16A7A467-AC65-46F7-9F88-F8BADC4D415B}.Release|x64.ActiveCfg = Release|Any CPU
		{16A7A467-AC65-46F7-9F88-F8BADC4D415B}.Release|x64.Build.0 = Release|Any CPU
		{16A7A467-AC65-46F7-9F88-F8BADC4D415B}.Release|x86.ActiveCfg = Release|Any CPU
		{16A7A467-AC65-46F7-9F88-F8BADC4D415B}.Release|x86.Build.0 = Release|Any CPU
		{0EED4E6E-0205-4FC9-9C56-672B65A0E22F}.Debug|Any CPU.ActiveCfg = Debug|Any CPU
		{0EED4E6E-0205-4FC9-9C56-672B65A0E22F}.Debug|Any CPU.Build.0 = Debug|Any CPU
		{0EED4E6E-0205-4FC9-9C56-672B65A0E22F}.Debug|ARM64.ActiveCfg = Debug|Any CPU
		{0EED4E6E-0205-4FC9-9C56-672B65A0E22F}.Debug|ARM64.Build.0 = Debug|Any CPU
		{0EED4E6E-0205-4FC9-9C56-672B65A0E22F}.Debug|x64.ActiveCfg = Debug|Any CPU
		{0EED4E6E-0205-4FC9-9C56-672B65A0E22F}.Debug|x64.Build.0 = Debug|Any CPU
		{0EED4E6E-0205-4FC9-9C56-672B65A0E22F}.Debug|x86.ActiveCfg = Debug|Any CPU
		{0EED4E6E-0205-4FC9-9C56-672B65A0E22F}.Debug|x86.Build.0 = Debug|Any CPU
		{0EED4E6E-0205-4FC9-9C56-672B65A0E22F}.Release|Any CPU.ActiveCfg = Release|Any CPU
		{0EED4E6E-0205-4FC9-9C56-672B65A0E22F}.Release|Any CPU.Build.0 = Release|Any CPU
		{0EED4E6E-0205-4FC9-9C56-672B65A0E22F}.Release|ARM64.ActiveCfg = Release|Any CPU
		{0EED4E6E-0205-4FC9-9C56-672B65A0E22F}.Release|ARM64.Build.0 = Release|Any CPU
		{0EED4E6E-0205-4FC9-9C56-672B65A0E22F}.Release|x64.ActiveCfg = Release|Any CPU
		{0EED4E6E-0205-4FC9-9C56-672B65A0E22F}.Release|x64.Build.0 = Release|Any CPU
		{0EED4E6E-0205-4FC9-9C56-672B65A0E22F}.Release|x86.ActiveCfg = Release|Any CPU
		{0EED4E6E-0205-4FC9-9C56-672B65A0E22F}.Release|x86.Build.0 = Release|Any CPU
		{37567A87-B235-4DED-8494-6C319958042F}.Debug|Any CPU.ActiveCfg = Debug|Any CPU
		{37567A87-B235-4DED-8494-6C319958042F}.Debug|Any CPU.Build.0 = Debug|Any CPU
		{37567A87-B235-4DED-8494-6C319958042F}.Debug|ARM64.ActiveCfg = Debug|Any CPU
		{37567A87-B235-4DED-8494-6C319958042F}.Debug|ARM64.Build.0 = Debug|Any CPU
		{37567A87-B235-4DED-8494-6C319958042F}.Debug|x64.ActiveCfg = Debug|Any CPU
		{37567A87-B235-4DED-8494-6C319958042F}.Debug|x64.Build.0 = Debug|Any CPU
		{37567A87-B235-4DED-8494-6C319958042F}.Debug|x86.ActiveCfg = Debug|Any CPU
		{37567A87-B235-4DED-8494-6C319958042F}.Debug|x86.Build.0 = Debug|Any CPU
		{37567A87-B235-4DED-8494-6C319958042F}.Release|Any CPU.ActiveCfg = Release|Any CPU
		{37567A87-B235-4DED-8494-6C319958042F}.Release|Any CPU.Build.0 = Release|Any CPU
		{37567A87-B235-4DED-8494-6C319958042F}.Release|ARM64.ActiveCfg = Release|Any CPU
		{37567A87-B235-4DED-8494-6C319958042F}.Release|ARM64.Build.0 = Release|Any CPU
		{37567A87-B235-4DED-8494-6C319958042F}.Release|x64.ActiveCfg = Release|Any CPU
		{37567A87-B235-4DED-8494-6C319958042F}.Release|x64.Build.0 = Release|Any CPU
		{37567A87-B235-4DED-8494-6C319958042F}.Release|x86.ActiveCfg = Release|Any CPU
		{37567A87-B235-4DED-8494-6C319958042F}.Release|x86.Build.0 = Release|Any CPU
		{44DEAA03-1A5F-4846-89B1-05DD700B8AA4}.Debug|Any CPU.ActiveCfg = Debug|Any CPU
		{44DEAA03-1A5F-4846-89B1-05DD700B8AA4}.Debug|Any CPU.Build.0 = Debug|Any CPU
		{44DEAA03-1A5F-4846-89B1-05DD700B8AA4}.Debug|ARM64.ActiveCfg = Debug|Any CPU
		{44DEAA03-1A5F-4846-89B1-05DD700B8AA4}.Debug|ARM64.Build.0 = Debug|Any CPU
		{44DEAA03-1A5F-4846-89B1-05DD700B8AA4}.Debug|x64.ActiveCfg = Debug|Any CPU
		{44DEAA03-1A5F-4846-89B1-05DD700B8AA4}.Debug|x64.Build.0 = Debug|Any CPU
		{44DEAA03-1A5F-4846-89B1-05DD700B8AA4}.Debug|x86.ActiveCfg = Debug|Any CPU
		{44DEAA03-1A5F-4846-89B1-05DD700B8AA4}.Debug|x86.Build.0 = Debug|Any CPU
		{44DEAA03-1A5F-4846-89B1-05DD700B8AA4}.Release|Any CPU.ActiveCfg = Release|Any CPU
		{44DEAA03-1A5F-4846-89B1-05DD700B8AA4}.Release|Any CPU.Build.0 = Release|Any CPU
		{44DEAA03-1A5F-4846-89B1-05DD700B8AA4}.Release|ARM64.ActiveCfg = Release|Any CPU
		{44DEAA03-1A5F-4846-89B1-05DD700B8AA4}.Release|ARM64.Build.0 = Release|Any CPU
		{44DEAA03-1A5F-4846-89B1-05DD700B8AA4}.Release|x64.ActiveCfg = Release|Any CPU
		{44DEAA03-1A5F-4846-89B1-05DD700B8AA4}.Release|x64.Build.0 = Release|Any CPU
		{44DEAA03-1A5F-4846-89B1-05DD700B8AA4}.Release|x86.ActiveCfg = Release|Any CPU
		{44DEAA03-1A5F-4846-89B1-05DD700B8AA4}.Release|x86.Build.0 = Release|Any CPU
		{BB0FF5F3-67CE-4C72-BFA6-964C917C716A}.Debug|Any CPU.ActiveCfg = Debug|Any CPU
		{BB0FF5F3-67CE-4C72-BFA6-964C917C716A}.Debug|Any CPU.Build.0 = Debug|Any CPU
		{BB0FF5F3-67CE-4C72-BFA6-964C917C716A}.Debug|ARM64.ActiveCfg = Debug|Any CPU
		{BB0FF5F3-67CE-4C72-BFA6-964C917C716A}.Debug|ARM64.Build.0 = Debug|Any CPU
		{BB0FF5F3-67CE-4C72-BFA6-964C917C716A}.Debug|x64.ActiveCfg = Debug|Any CPU
		{BB0FF5F3-67CE-4C72-BFA6-964C917C716A}.Debug|x64.Build.0 = Debug|Any CPU
		{BB0FF5F3-67CE-4C72-BFA6-964C917C716A}.Debug|x86.ActiveCfg = Debug|Any CPU
		{BB0FF5F3-67CE-4C72-BFA6-964C917C716A}.Debug|x86.Build.0 = Debug|Any CPU
		{BB0FF5F3-67CE-4C72-BFA6-964C917C716A}.Release|Any CPU.ActiveCfg = Release|Any CPU
		{BB0FF5F3-67CE-4C72-BFA6-964C917C716A}.Release|Any CPU.Build.0 = Release|Any CPU
		{BB0FF5F3-67CE-4C72-BFA6-964C917C716A}.Release|ARM64.ActiveCfg = Release|Any CPU
		{BB0FF5F3-67CE-4C72-BFA6-964C917C716A}.Release|ARM64.Build.0 = Release|Any CPU
		{BB0FF5F3-67CE-4C72-BFA6-964C917C716A}.Release|x64.ActiveCfg = Release|Any CPU
		{BB0FF5F3-67CE-4C72-BFA6-964C917C716A}.Release|x64.Build.0 = Release|Any CPU
		{BB0FF5F3-67CE-4C72-BFA6-964C917C716A}.Release|x86.ActiveCfg = Release|Any CPU
		{BB0FF5F3-67CE-4C72-BFA6-964C917C716A}.Release|x86.Build.0 = Release|Any CPU
		{A87AE1D1-FFDB-4B99-BB36-9AF3A3B5A48A}.Debug|Any CPU.ActiveCfg = Debug|Any CPU
		{A87AE1D1-FFDB-4B99-BB36-9AF3A3B5A48A}.Debug|Any CPU.Build.0 = Debug|Any CPU
		{A87AE1D1-FFDB-4B99-BB36-9AF3A3B5A48A}.Debug|ARM64.ActiveCfg = Debug|Any CPU
		{A87AE1D1-FFDB-4B99-BB36-9AF3A3B5A48A}.Debug|ARM64.Build.0 = Debug|Any CPU
		{A87AE1D1-FFDB-4B99-BB36-9AF3A3B5A48A}.Debug|x64.ActiveCfg = Debug|Any CPU
		{A87AE1D1-FFDB-4B99-BB36-9AF3A3B5A48A}.Debug|x64.Build.0 = Debug|Any CPU
		{A87AE1D1-FFDB-4B99-BB36-9AF3A3B5A48A}.Debug|x86.ActiveCfg = Debug|Any CPU
		{A87AE1D1-FFDB-4B99-BB36-9AF3A3B5A48A}.Debug|x86.Build.0 = Debug|Any CPU
		{A87AE1D1-FFDB-4B99-BB36-9AF3A3B5A48A}.Release|Any CPU.ActiveCfg = Release|Any CPU
		{A87AE1D1-FFDB-4B99-BB36-9AF3A3B5A48A}.Release|Any CPU.Build.0 = Release|Any CPU
		{A87AE1D1-FFDB-4B99-BB36-9AF3A3B5A48A}.Release|ARM64.ActiveCfg = Release|Any CPU
		{A87AE1D1-FFDB-4B99-BB36-9AF3A3B5A48A}.Release|ARM64.Build.0 = Release|Any CPU
		{A87AE1D1-FFDB-4B99-BB36-9AF3A3B5A48A}.Release|x64.ActiveCfg = Release|Any CPU
		{A87AE1D1-FFDB-4B99-BB36-9AF3A3B5A48A}.Release|x64.Build.0 = Release|Any CPU
		{A87AE1D1-FFDB-4B99-BB36-9AF3A3B5A48A}.Release|x86.ActiveCfg = Release|Any CPU
		{A87AE1D1-FFDB-4B99-BB36-9AF3A3B5A48A}.Release|x86.Build.0 = Release|Any CPU
	EndGlobalSection
	GlobalSection(SolutionProperties) = preSolution
		HideSolutionNode = FALSE
	EndGlobalSection
	GlobalSection(NestedProjects) = preSolution
		{EA814568-3C77-4283-89B6-74C87377D068} = {02EA681E-C7D8-13C7-8484-4AC65E1B71E8}
		{A44E6088-2BA1-4D29-B6EC-5FB042103AAE} = {02EA681E-C7D8-13C7-8484-4AC65E1B71E8}
		{306B7986-4548-4D63-A593-0782B63281E0} = {02EA681E-C7D8-13C7-8484-4AC65E1B71E8}
		{CAF94724-07CC-48C6-9A4D-065A63553CB0} = {02EA681E-C7D8-13C7-8484-4AC65E1B71E8}
		{95CF48F4-D62C-47CA-BCE4-2CEBCC320C1A} = {02EA681E-C7D8-13C7-8484-4AC65E1B71E8}
		{F72B3D00-4AD4-42A1-BB7D-3EF9DAE5F4E7} = {02EA681E-C7D8-13C7-8484-4AC65E1B71E8}
		{25C310FF-4C0C-484C-A278-DFCD914E56CA} = {02EA681E-C7D8-13C7-8484-4AC65E1B71E8}
		{16A7A467-AC65-46F7-9F88-F8BADC4D415B} = {02EA681E-C7D8-13C7-8484-4AC65E1B71E8}
		{0EED4E6E-0205-4FC9-9C56-672B65A0E22F} = {02EA681E-C7D8-13C7-8484-4AC65E1B71E8}
		{37567A87-B235-4DED-8494-6C319958042F} = {02EA681E-C7D8-13C7-8484-4AC65E1B71E8}
		{44DEAA03-1A5F-4846-89B1-05DD700B8AA4} = {02EA681E-C7D8-13C7-8484-4AC65E1B71E8}
		{BB0FF5F3-67CE-4C72-BFA6-964C917C716A} = {02EA681E-C7D8-13C7-8484-4AC65E1B71E8}
	EndGlobalSection
	GlobalSection(ExtensibilityGlobals) = postSolution
		SolutionGuid = {C50CF098-0A33-4BE0-9D6A-6AC6CB036D4E}
	EndGlobalSection
EndGlobal
