
Microsoft Visual Studio Solution File, Format Version 12.00
# Visual Studio Version 17
VisualStudioVersion = 17.9.34526.213
MinimumVisualStudioVersion = 10.0.40219.1
Project("{9A19103F-16F7-4668-BE54-9A1E7A4F7556}") = "ZoDream.TexturePacker", "ZoDream.TexturePacker\ZoDream.TexturePacker.csproj", "{D7305FA8-1FA4-435B-BF08-3F200AFB3555}"
EndProject
Project("{9A19103F-16F7-4668-BE54-9A1E7A4F7556}") = "ZoDream.Shared", "ZoDream.Shared\ZoDream.Shared.csproj", "{D1B8859F-519E-4108-960F-FE099EC86D71}"
EndProject
Project("{9A19103F-16F7-4668-BE54-9A1E7A4F7556}") = "ZoDream.Shared.UndoRedo", "..\shared\ZoDream.Shared.UndoRedo\ZoDream.Shared.UndoRedo.csproj", "{B7AF0627-6AE4-4551-A8C1-0E100B9D89FE}"
EndProject
Project("{9A19103F-16F7-4668-BE54-9A1E7A4F7556}") = "ZoDream.Shared.Drawing", "..\shared\ZoDream.Shared.Drawing\ZoDream.Shared.Drawing.csproj", "{644FEDF0-D53B-4AFB-B150-1F8AF700F845}"
EndProject
Project("{FAE04EC0-301F-11D3-BF4B-00C04F79EFBC}") = "ZoDream.Shared.ImageEditor", "ZoDream.Shared.ImageEditor\ZoDream.Shared.ImageEditor.csproj", "{85E48039-8AEE-4020-B0BA-C6D14992CD7C}"
EndProject
Project("{FAE04EC0-301F-11D3-BF4B-00C04F79EFBC}") = "ZoDream.Plugin.Reader", "ZoDream.Plugin.Reader\ZoDream.Plugin.Reader.csproj", "{35F339DC-E5FC-44DD-989C-64FAF2EC2D33}"
EndProject
Project("{FAE04EC0-301F-11D3-BF4B-00C04F79EFBC}") = "ZoDream.Plugin.Spine", "ZoDream.Plugin.Spine\ZoDream.Plugin.Spine.csproj", "{B3AA2B52-2190-40EC-80D2-F33CCA7D0331}"
EndProject
Project("{FAE04EC0-301F-11D3-BF4B-00C04F79EFBC}") = "ZoDream.Shared.IO", "ZoDream.Shared.IO\ZoDream.Shared.IO.csproj", "{EFC06032-B9F2-4525-B099-1A6BA9C97FD4}"
EndProject
Project("{FAE04EC0-301F-11D3-BF4B-00C04F79EFBC}") = "ZoDream.Plugin.Godot", "ZoDream.Plugin.GoDot\ZoDream.Plugin.Godot.csproj", "{E87A736E-CE14-4257-8849-86C01ED40EDF}"
EndProject
Project("{FAE04EC0-301F-11D3-BF4B-00C04F79EFBC}") = "ZoDream.Plugin.Live2d", "ZoDream.Plugin.Live2d\ZoDream.Plugin.Live2d.csproj", "{3C10474C-6DD4-4A0B-B7C6-D46B5D0B5C3E}"
EndProject
Project("{FAE04EC0-301F-11D3-BF4B-00C04F79EFBC}") = "ZoDream.Plugin.Project", "ZoDream.Plugin.Project\ZoDream.Plugin.Project.csproj", "{88AA540A-F22B-4848-A5F8-51858C0AA60F}"
EndProject
Project("{FAE04EC0-301F-11D3-BF4B-00C04F79EFBC}") = "ZoDream.Tests", "ZoDream.Tests\ZoDream.Tests.csproj", "{8F3A91BE-DEDC-48C0-9D93-E428DC3084BF}"
EndProject
Global
	GlobalSection(SolutionConfigurationPlatforms) = preSolution
		Debug|Any CPU = Debug|Any CPU
		Debug|ARM64 = Debug|ARM64
		Debug|x64 = Debug|x64
		Debug|x86 = Debug|x86
		Release|Any CPU = Release|Any CPU
		Release|ARM64 = Release|ARM64
		Release|x64 = Release|x64
		Release|x86 = Release|x86
	EndGlobalSection
	GlobalSection(ProjectConfigurationPlatforms) = postSolution
		{D7305FA8-1FA4-435B-BF08-3F200AFB3555}.Debug|Any CPU.ActiveCfg = Debug|x64
		{D7305FA8-1FA4-435B-BF08-3F200AFB3555}.Debug|Any CPU.Build.0 = Debug|x64
		{D7305FA8-1FA4-435B-BF08-3F200AFB3555}.Debug|Any CPU.Deploy.0 = Debug|x64
		{D7305FA8-1FA4-435B-BF08-3F200AFB3555}.Debug|ARM64.ActiveCfg = Debug|ARM64
		{D7305FA8-1FA4-435B-BF08-3F200AFB3555}.Debug|ARM64.Build.0 = Debug|ARM64
		{D7305FA8-1FA4-435B-BF08-3F200AFB3555}.Debug|ARM64.Deploy.0 = Debug|ARM64
		{D7305FA8-1FA4-435B-BF08-3F200AFB3555}.Debug|x64.ActiveCfg = Debug|x64
		{D7305FA8-1FA4-435B-BF08-3F200AFB3555}.Debug|x64.Build.0 = Debug|x64
		{D7305FA8-1FA4-435B-BF08-3F200AFB3555}.Debug|x64.Deploy.0 = Debug|x64
		{D7305FA8-1FA4-435B-BF08-3F200AFB3555}.Debug|x86.ActiveCfg = Debug|x86
		{D7305FA8-1FA4-435B-BF08-3F200AFB3555}.Debug|x86.Build.0 = Debug|x86
		{D7305FA8-1FA4-435B-BF08-3F200AFB3555}.Debug|x86.Deploy.0 = Debug|x86
		{D7305FA8-1FA4-435B-BF08-3F200AFB3555}.Release|Any CPU.ActiveCfg = Release|x64
		{D7305FA8-1FA4-435B-BF08-3F200AFB3555}.Release|Any CPU.Build.0 = Release|x64
		{D7305FA8-1FA4-435B-BF08-3F200AFB3555}.Release|Any CPU.Deploy.0 = Release|x64
		{D7305FA8-1FA4-435B-BF08-3F200AFB3555}.Release|ARM64.ActiveCfg = Release|ARM64
		{D7305FA8-1FA4-435B-BF08-3F200AFB3555}.Release|ARM64.Build.0 = Release|ARM64
		{D7305FA8-1FA4-435B-BF08-3F200AFB3555}.Release|ARM64.Deploy.0 = Release|ARM64
		{D7305FA8-1FA4-435B-BF08-3F200AFB3555}.Release|x64.ActiveCfg = Release|x64
		{D7305FA8-1FA4-435B-BF08-3F200AFB3555}.Release|x64.Build.0 = Release|x64
		{D7305FA8-1FA4-435B-BF08-3F200AFB3555}.Release|x64.Deploy.0 = Release|x64
		{D7305FA8-1FA4-435B-BF08-3F200AFB3555}.Release|x86.ActiveCfg = Release|x86
		{D7305FA8-1FA4-435B-BF08-3F200AFB3555}.Release|x86.Build.0 = Release|x86
		{D7305FA8-1FA4-435B-BF08-3F200AFB3555}.Release|x86.Deploy.0 = Release|x86
		{D1B8859F-519E-4108-960F-FE099EC86D71}.Debug|Any CPU.ActiveCfg = Debug|Any CPU
		{D1B8859F-519E-4108-960F-FE099EC86D71}.Debug|Any CPU.Build.0 = Debug|Any CPU
		{D1B8859F-519E-4108-960F-FE099EC86D71}.Debug|ARM64.ActiveCfg = Debug|Any CPU
		{D1B8859F-519E-4108-960F-FE099EC86D71}.Debug|ARM64.Build.0 = Debug|Any CPU
		{D1B8859F-519E-4108-960F-FE099EC86D71}.Debug|x64.ActiveCfg = Debug|Any CPU
		{D1B8859F-519E-4108-960F-FE099EC86D71}.Debug|x64.Build.0 = Debug|Any CPU
		{D1B8859F-519E-4108-960F-FE099EC86D71}.Debug|x86.ActiveCfg = Debug|Any CPU
		{D1B8859F-519E-4108-960F-FE099EC86D71}.Debug|x86.Build.0 = Debug|Any CPU
		{D1B8859F-519E-4108-960F-FE099EC86D71}.Release|Any CPU.ActiveCfg = Release|Any CPU
		{D1B8859F-519E-4108-960F-FE099EC86D71}.Release|Any CPU.Build.0 = Release|Any CPU
		{D1B8859F-519E-4108-960F-FE099EC86D71}.Release|ARM64.ActiveCfg = Release|Any CPU
		{D1B8859F-519E-4108-960F-FE099EC86D71}.Release|ARM64.Build.0 = Release|Any CPU
		{D1B8859F-519E-4108-960F-FE099EC86D71}.Release|x64.ActiveCfg = Release|Any CPU
		{D1B8859F-519E-4108-960F-FE099EC86D71}.Release|x64.Build.0 = Release|Any CPU
		{D1B8859F-519E-4108-960F-FE099EC86D71}.Release|x86.ActiveCfg = Release|Any CPU
		{D1B8859F-519E-4108-960F-FE099EC86D71}.Release|x86.Build.0 = Release|Any CPU
		{B7AF0627-6AE4-4551-A8C1-0E100B9D89FE}.Debug|Any CPU.ActiveCfg = Debug|Any CPU
		{B7AF0627-6AE4-4551-A8C1-0E100B9D89FE}.Debug|Any CPU.Build.0 = Debug|Any CPU
		{B7AF0627-6AE4-4551-A8C1-0E100B9D89FE}.Debug|ARM64.ActiveCfg = Debug|Any CPU
		{B7AF0627-6AE4-4551-A8C1-0E100B9D89FE}.Debug|ARM64.Build.0 = Debug|Any CPU
		{B7AF0627-6AE4-4551-A8C1-0E100B9D89FE}.Debug|x64.ActiveCfg = Debug|Any CPU
		{B7AF0627-6AE4-4551-A8C1-0E100B9D89FE}.Debug|x64.Build.0 = Debug|Any CPU
		{B7AF0627-6AE4-4551-A8C1-0E100B9D89FE}.Debug|x86.ActiveCfg = Debug|Any CPU
		{B7AF0627-6AE4-4551-A8C1-0E100B9D89FE}.Debug|x86.Build.0 = Debug|Any CPU
		{B7AF0627-6AE4-4551-A8C1-0E100B9D89FE}.Release|Any CPU.ActiveCfg = Release|Any CPU
		{B7AF0627-6AE4-4551-A8C1-0E100B9D89FE}.Release|Any CPU.Build.0 = Release|Any CPU
		{B7AF0627-6AE4-4551-A8C1-0E100B9D89FE}.Release|ARM64.ActiveCfg = Release|Any CPU
		{B7AF0627-6AE4-4551-A8C1-0E100B9D89FE}.Release|ARM64.Build.0 = Release|Any CPU
		{B7AF0627-6AE4-4551-A8C1-0E100B9D89FE}.Release|x64.ActiveCfg = Release|Any CPU
		{B7AF0627-6AE4-4551-A8C1-0E100B9D89FE}.Release|x64.Build.0 = Release|Any CPU
		{B7AF0627-6AE4-4551-A8C1-0E100B9D89FE}.Release|x86.ActiveCfg = Release|Any CPU
		{B7AF0627-6AE4-4551-A8C1-0E100B9D89FE}.Release|x86.Build.0 = Release|Any CPU
		{644FEDF0-D53B-4AFB-B150-1F8AF700F845}.Debug|Any CPU.ActiveCfg = Debug|Any CPU
		{644FEDF0-D53B-4AFB-B150-1F8AF700F845}.Debug|Any CPU.Build.0 = Debug|Any CPU
		{644FEDF0-D53B-4AFB-B150-1F8AF700F845}.Debug|ARM64.ActiveCfg = Debug|Any CPU
		{644FEDF0-D53B-4AFB-B150-1F8AF700F845}.Debug|ARM64.Build.0 = Debug|Any CPU
		{644FEDF0-D53B-4AFB-B150-1F8AF700F845}.Debug|x64.ActiveCfg = Debug|Any CPU
		{644FEDF0-D53B-4AFB-B150-1F8AF700F845}.Debug|x64.Build.0 = Debug|Any CPU
		{644FEDF0-D53B-4AFB-B150-1F8AF700F845}.Debug|x86.ActiveCfg = Debug|Any CPU
		{644FEDF0-D53B-4AFB-B150-1F8AF700F845}.Debug|x86.Build.0 = Debug|Any CPU
		{644FEDF0-D53B-4AFB-B150-1F8AF700F845}.Release|Any CPU.ActiveCfg = Release|Any CPU
		{644FEDF0-D53B-4AFB-B150-1F8AF700F845}.Release|Any CPU.Build.0 = Release|Any CPU
		{644FEDF0-D53B-4AFB-B150-1F8AF700F845}.Release|ARM64.ActiveCfg = Release|Any CPU
		{644FEDF0-D53B-4AFB-B150-1F8AF700F845}.Release|ARM64.Build.0 = Release|Any CPU
		{644FEDF0-D53B-4AFB-B150-1F8AF700F845}.Release|x64.ActiveCfg = Release|Any CPU
		{644FEDF0-D53B-4AFB-B150-1F8AF700F845}.Release|x64.Build.0 = Release|Any CPU
		{644FEDF0-D53B-4AFB-B150-1F8AF700F845}.Release|x86.ActiveCfg = Release|Any CPU
		{644FEDF0-D53B-4AFB-B150-1F8AF700F845}.Release|x86.Build.0 = Release|Any CPU
		{85E48039-8AEE-4020-B0BA-C6D14992CD7C}.Debug|Any CPU.ActiveCfg = Debug|Any CPU
		{85E48039-8AEE-4020-B0BA-C6D14992CD7C}.Debug|Any CPU.Build.0 = Debug|Any CPU
		{85E48039-8AEE-4020-B0BA-C6D14992CD7C}.Debug|ARM64.ActiveCfg = Debug|Any CPU
		{85E48039-8AEE-4020-B0BA-C6D14992CD7C}.Debug|ARM64.Build.0 = Debug|Any CPU
		{85E48039-8AEE-4020-B0BA-C6D14992CD7C}.Debug|x64.ActiveCfg = Debug|Any CPU
		{85E48039-8AEE-4020-B0BA-C6D14992CD7C}.Debug|x64.Build.0 = Debug|Any CPU
		{85E48039-8AEE-4020-B0BA-C6D14992CD7C}.Debug|x86.ActiveCfg = Debug|Any CPU
		{85E48039-8AEE-4020-B0BA-C6D14992CD7C}.Debug|x86.Build.0 = Debug|Any CPU
		{85E48039-8AEE-4020-B0BA-C6D14992CD7C}.Release|Any CPU.ActiveCfg = Release|Any CPU
		{85E48039-8AEE-4020-B0BA-C6D14992CD7C}.Release|Any CPU.Build.0 = Release|Any CPU
		{85E48039-8AEE-4020-B0BA-C6D14992CD7C}.Release|ARM64.ActiveCfg = Release|Any CPU
		{85E48039-8AEE-4020-B0BA-C6D14992CD7C}.Release|ARM64.Build.0 = Release|Any CPU
		{85E48039-8AEE-4020-B0BA-C6D14992CD7C}.Release|x64.ActiveCfg = Release|Any CPU
		{85E48039-8AEE-4020-B0BA-C6D14992CD7C}.Release|x64.Build.0 = Release|Any CPU
		{85E48039-8AEE-4020-B0BA-C6D14992CD7C}.Release|x86.ActiveCfg = Release|Any CPU
		{85E48039-8AEE-4020-B0BA-C6D14992CD7C}.Release|x86.Build.0 = Release|Any CPU
		{35F339DC-E5FC-44DD-989C-64FAF2EC2D33}.Debug|Any CPU.ActiveCfg = Debug|Any CPU
		{35F339DC-E5FC-44DD-989C-64FAF2EC2D33}.Debug|Any CPU.Build.0 = Debug|Any CPU
		{35F339DC-E5FC-44DD-989C-64FAF2EC2D33}.Debug|ARM64.ActiveCfg = Debug|Any CPU
		{35F339DC-E5FC-44DD-989C-64FAF2EC2D33}.Debug|ARM64.Build.0 = Debug|Any CPU
		{35F339DC-E5FC-44DD-989C-64FAF2EC2D33}.Debug|x64.ActiveCfg = Debug|Any CPU
		{35F339DC-E5FC-44DD-989C-64FAF2EC2D33}.Debug|x64.Build.0 = Debug|Any CPU
		{35F339DC-E5FC-44DD-989C-64FAF2EC2D33}.Debug|x86.ActiveCfg = Debug|Any CPU
		{35F339DC-E5FC-44DD-989C-64FAF2EC2D33}.Debug|x86.Build.0 = Debug|Any CPU
		{35F339DC-E5FC-44DD-989C-64FAF2EC2D33}.Release|Any CPU.ActiveCfg = Release|Any CPU
		{35F339DC-E5FC-44DD-989C-64FAF2EC2D33}.Release|Any CPU.Build.0 = Release|Any CPU
		{35F339DC-E5FC-44DD-989C-64FAF2EC2D33}.Release|ARM64.ActiveCfg = Release|Any CPU
		{35F339DC-E5FC-44DD-989C-64FAF2EC2D33}.Release|ARM64.Build.0 = Release|Any CPU
		{35F339DC-E5FC-44DD-989C-64FAF2EC2D33}.Release|x64.ActiveCfg = Release|Any CPU
		{35F339DC-E5FC-44DD-989C-64FAF2EC2D33}.Release|x64.Build.0 = Release|Any CPU
		{35F339DC-E5FC-44DD-989C-64FAF2EC2D33}.Release|x86.ActiveCfg = Release|Any CPU
		{35F339DC-E5FC-44DD-989C-64FAF2EC2D33}.Release|x86.Build.0 = Release|Any CPU
		{B3AA2B52-2190-40EC-80D2-F33CCA7D0331}.Debug|Any CPU.ActiveCfg = Debug|Any CPU
		{B3AA2B52-2190-40EC-80D2-F33CCA7D0331}.Debug|Any CPU.Build.0 = Debug|Any CPU
		{B3AA2B52-2190-40EC-80D2-F33CCA7D0331}.Debug|ARM64.ActiveCfg = Debug|Any CPU
		{B3AA2B52-2190-40EC-80D2-F33CCA7D0331}.Debug|ARM64.Build.0 = Debug|Any CPU
		{B3AA2B52-2190-40EC-80D2-F33CCA7D0331}.Debug|x64.ActiveCfg = Debug|Any CPU
		{B3AA2B52-2190-40EC-80D2-F33CCA7D0331}.Debug|x64.Build.0 = Debug|Any CPU
		{B3AA2B52-2190-40EC-80D2-F33CCA7D0331}.Debug|x86.ActiveCfg = Debug|Any CPU
		{B3AA2B52-2190-40EC-80D2-F33CCA7D0331}.Debug|x86.Build.0 = Debug|Any CPU
		{B3AA2B52-2190-40EC-80D2-F33CCA7D0331}.Release|Any CPU.ActiveCfg = Release|Any CPU
		{B3AA2B52-2190-40EC-80D2-F33CCA7D0331}.Release|Any CPU.Build.0 = Release|Any CPU
		{B3AA2B52-2190-40EC-80D2-F33CCA7D0331}.Release|ARM64.ActiveCfg = Release|Any CPU
		{B3AA2B52-2190-40EC-80D2-F33CCA7D0331}.Release|ARM64.Build.0 = Release|Any CPU
		{B3AA2B52-2190-40EC-80D2-F33CCA7D0331}.Release|x64.ActiveCfg = Release|Any CPU
		{B3AA2B52-2190-40EC-80D2-F33CCA7D0331}.Release|x64.Build.0 = Release|Any CPU
		{B3AA2B52-2190-40EC-80D2-F33CCA7D0331}.Release|x86.ActiveCfg = Release|Any CPU
		{B3AA2B52-2190-40EC-80D2-F33CCA7D0331}.Release|x86.Build.0 = Release|Any CPU
		{EFC06032-B9F2-4525-B099-1A6BA9C97FD4}.Debug|Any CPU.ActiveCfg = Debug|Any CPU
		{EFC06032-B9F2-4525-B099-1A6BA9C97FD4}.Debug|Any CPU.Build.0 = Debug|Any CPU
		{EFC06032-B9F2-4525-B099-1A6BA9C97FD4}.Debug|ARM64.ActiveCfg = Debug|Any CPU
		{EFC06032-B9F2-4525-B099-1A6BA9C97FD4}.Debug|ARM64.Build.0 = Debug|Any CPU
		{EFC06032-B9F2-4525-B099-1A6BA9C97FD4}.Debug|x64.ActiveCfg = Debug|Any CPU
		{EFC06032-B9F2-4525-B099-1A6BA9C97FD4}.Debug|x64.Build.0 = Debug|Any CPU
		{EFC06032-B9F2-4525-B099-1A6BA9C97FD4}.Debug|x86.ActiveCfg = Debug|Any CPU
		{EFC06032-B9F2-4525-B099-1A6BA9C97FD4}.Debug|x86.Build.0 = Debug|Any CPU
		{EFC06032-B9F2-4525-B099-1A6BA9C97FD4}.Release|Any CPU.ActiveCfg = Release|Any CPU
		{EFC06032-B9F2-4525-B099-1A6BA9C97FD4}.Release|Any CPU.Build.0 = Release|Any CPU
		{EFC06032-B9F2-4525-B099-1A6BA9C97FD4}.Release|ARM64.ActiveCfg = Release|Any CPU
		{EFC06032-B9F2-4525-B099-1A6BA9C97FD4}.Release|ARM64.Build.0 = Release|Any CPU
		{EFC06032-B9F2-4525-B099-1A6BA9C97FD4}.Release|x64.ActiveCfg = Release|Any CPU
		{EFC06032-B9F2-4525-B099-1A6BA9C97FD4}.Release|x64.Build.0 = Release|Any CPU
		{EFC06032-B9F2-4525-B099-1A6BA9C97FD4}.Release|x86.ActiveCfg = Release|Any CPU
		{EFC06032-B9F2-4525-B099-1A6BA9C97FD4}.Release|x86.Build.0 = Release|Any CPU
		{E87A736E-CE14-4257-8849-86C01ED40EDF}.Debug|Any CPU.ActiveCfg = Debug|Any CPU
		{E87A736E-CE14-4257-8849-86C01ED40EDF}.Debug|Any CPU.Build.0 = Debug|Any CPU
		{E87A736E-CE14-4257-8849-86C01ED40EDF}.Debug|ARM64.ActiveCfg = Debug|Any CPU
		{E87A736E-CE14-4257-8849-86C01ED40EDF}.Debug|ARM64.Build.0 = Debug|Any CPU
		{E87A736E-CE14-4257-8849-86C01ED40EDF}.Debug|x64.ActiveCfg = Debug|Any CPU
		{E87A736E-CE14-4257-8849-86C01ED40EDF}.Debug|x64.Build.0 = Debug|Any CPU
		{E87A736E-CE14-4257-8849-86C01ED40EDF}.Debug|x86.ActiveCfg = Debug|Any CPU
		{E87A736E-CE14-4257-8849-86C01ED40EDF}.Debug|x86.Build.0 = Debug|Any CPU
		{E87A736E-CE14-4257-8849-86C01ED40EDF}.Release|Any CPU.ActiveCfg = Release|Any CPU
		{E87A736E-CE14-4257-8849-86C01ED40EDF}.Release|Any CPU.Build.0 = Release|Any CPU
		{E87A736E-CE14-4257-8849-86C01ED40EDF}.Release|ARM64.ActiveCfg = Release|Any CPU
		{E87A736E-CE14-4257-8849-86C01ED40EDF}.Release|ARM64.Build.0 = Release|Any CPU
		{E87A736E-CE14-4257-8849-86C01ED40EDF}.Release|x64.ActiveCfg = Release|Any CPU
		{E87A736E-CE14-4257-8849-86C01ED40EDF}.Release|x64.Build.0 = Release|Any CPU
		{E87A736E-CE14-4257-8849-86C01ED40EDF}.Release|x86.ActiveCfg = Release|Any CPU
		{E87A736E-CE14-4257-8849-86C01ED40EDF}.Release|x86.Build.0 = Release|Any CPU
		{3C10474C-6DD4-4A0B-B7C6-D46B5D0B5C3E}.Debug|Any CPU.ActiveCfg = Debug|Any CPU
		{3C10474C-6DD4-4A0B-B7C6-D46B5D0B5C3E}.Debug|Any CPU.Build.0 = Debug|Any CPU
		{3C10474C-6DD4-4A0B-B7C6-D46B5D0B5C3E}.Debug|ARM64.ActiveCfg = Debug|Any CPU
		{3C10474C-6DD4-4A0B-B7C6-D46B5D0B5C3E}.Debug|ARM64.Build.0 = Debug|Any CPU
		{3C10474C-6DD4-4A0B-B7C6-D46B5D0B5C3E}.Debug|x64.ActiveCfg = Debug|Any CPU
		{3C10474C-6DD4-4A0B-B7C6-D46B5D0B5C3E}.Debug|x64.Build.0 = Debug|Any CPU
		{3C10474C-6DD4-4A0B-B7C6-D46B5D0B5C3E}.Debug|x86.ActiveCfg = Debug|Any CPU
		{3C10474C-6DD4-4A0B-B7C6-D46B5D0B5C3E}.Debug|x86.Build.0 = Debug|Any CPU
		{3C10474C-6DD4-4A0B-B7C6-D46B5D0B5C3E}.Release|Any CPU.ActiveCfg = Release|Any CPU
		{3C10474C-6DD4-4A0B-B7C6-D46B5D0B5C3E}.Release|Any CPU.Build.0 = Release|Any CPU
		{3C10474C-6DD4-4A0B-B7C6-D46B5D0B5C3E}.Release|ARM64.ActiveCfg = Release|Any CPU
		{3C10474C-6DD4-4A0B-B7C6-D46B5D0B5C3E}.Release|ARM64.Build.0 = Release|Any CPU
		{3C10474C-6DD4-4A0B-B7C6-D46B5D0B5C3E}.Release|x64.ActiveCfg = Release|Any CPU
		{3C10474C-6DD4-4A0B-B7C6-D46B5D0B5C3E}.Release|x64.Build.0 = Release|Any CPU
		{3C10474C-6DD4-4A0B-B7C6-D46B5D0B5C3E}.Release|x86.ActiveCfg = Release|Any CPU
		{3C10474C-6DD4-4A0B-B7C6-D46B5D0B5C3E}.Release|x86.Build.0 = Release|Any CPU
		{88AA540A-F22B-4848-A5F8-51858C0AA60F}.Debug|Any CPU.ActiveCfg = Debug|Any CPU
		{88AA540A-F22B-4848-A5F8-51858C0AA60F}.Debug|Any CPU.Build.0 = Debug|Any CPU
		{88AA540A-F22B-4848-A5F8-51858C0AA60F}.Debug|ARM64.ActiveCfg = Debug|Any CPU
		{88AA540A-F22B-4848-A5F8-51858C0AA60F}.Debug|ARM64.Build.0 = Debug|Any CPU
		{88AA540A-F22B-4848-A5F8-51858C0AA60F}.Debug|x64.ActiveCfg = Debug|Any CPU
		{88AA540A-F22B-4848-A5F8-51858C0AA60F}.Debug|x64.Build.0 = Debug|Any CPU
		{88AA540A-F22B-4848-A5F8-51858C0AA60F}.Debug|x86.ActiveCfg = Debug|Any CPU
		{88AA540A-F22B-4848-A5F8-51858C0AA60F}.Debug|x86.Build.0 = Debug|Any CPU
		{88AA540A-F22B-4848-A5F8-51858C0AA60F}.Release|Any CPU.ActiveCfg = Release|Any CPU
		{88AA540A-F22B-4848-A5F8-51858C0AA60F}.Release|Any CPU.Build.0 = Release|Any CPU
		{88AA540A-F22B-4848-A5F8-51858C0AA60F}.Release|ARM64.ActiveCfg = Release|Any CPU
		{88AA540A-F22B-4848-A5F8-51858C0AA60F}.Release|ARM64.Build.0 = Release|Any CPU
		{88AA540A-F22B-4848-A5F8-51858C0AA60F}.Release|x64.ActiveCfg = Release|Any CPU
		{88AA540A-F22B-4848-A5F8-51858C0AA60F}.Release|x64.Build.0 = Release|Any CPU
		{88AA540A-F22B-4848-A5F8-51858C0AA60F}.Release|x86.ActiveCfg = Release|Any CPU
		{88AA540A-F22B-4848-A5F8-51858C0AA60F}.Release|x86.Build.0 = Release|Any CPU
		{8F3A91BE-DEDC-48C0-9D93-E428DC3084BF}.Debug|Any CPU.ActiveCfg = Debug|Any CPU
		{8F3A91BE-DEDC-48C0-9D93-E428DC3084BF}.Debug|Any CPU.Build.0 = Debug|Any CPU
		{8F3A91BE-DEDC-48C0-9D93-E428DC3084BF}.Debug|ARM64.ActiveCfg = Debug|Any CPU
		{8F3A91BE-DEDC-48C0-9D93-E428DC3084BF}.Debug|ARM64.Build.0 = Debug|Any CPU
		{8F3A91BE-DEDC-48C0-9D93-E428DC3084BF}.Debug|x64.ActiveCfg = Debug|Any CPU
		{8F3A91BE-DEDC-48C0-9D93-E428DC3084BF}.Debug|x64.Build.0 = Debug|Any CPU
		{8F3A91BE-DEDC-48C0-9D93-E428DC3084BF}.Debug|x86.ActiveCfg = Debug|Any CPU
		{8F3A91BE-DEDC-48C0-9D93-E428DC3084BF}.Debug|x86.Build.0 = Debug|Any CPU
		{8F3A91BE-DEDC-48C0-9D93-E428DC3084BF}.Release|Any CPU.ActiveCfg = Release|Any CPU
		{8F3A91BE-DEDC-48C0-9D93-E428DC3084BF}.Release|Any CPU.Build.0 = Release|Any CPU
		{8F3A91BE-DEDC-48C0-9D93-E428DC3084BF}.Release|ARM64.ActiveCfg = Release|Any CPU
		{8F3A91BE-DEDC-48C0-9D93-E428DC3084BF}.Release|ARM64.Build.0 = Release|Any CPU
		{8F3A91BE-DEDC-48C0-9D93-E428DC3084BF}.Release|x64.ActiveCfg = Release|Any CPU
		{8F3A91BE-DEDC-48C0-9D93-E428DC3084BF}.Release|x64.Build.0 = Release|Any CPU
		{8F3A91BE-DEDC-48C0-9D93-E428DC3084BF}.Release|x86.ActiveCfg = Release|Any CPU
		{8F3A91BE-DEDC-48C0-9D93-E428DC3084BF}.Release|x86.Build.0 = Release|Any CPU
	EndGlobalSection
	GlobalSection(SolutionProperties) = preSolution
		HideSolutionNode = FALSE
	EndGlobalSection
	GlobalSection(ExtensibilityGlobals) = postSolution
		SolutionGuid = {C50CF098-0A33-4BE0-9D6A-6AC6CB036D4E}
	EndGlobalSection
EndGlobal
